{
  "pins" : [
    {
      "identity" : "swiftkeyexchange",
      "kind" : "remoteSourceControl",
      "location" : "https://github.com/calmdocs/SwiftKeyExchange",
      "state" : {
        "branch" : "main",
        "revision" : "55a06c0b47c12b40412e722fffe83e120525569b"
      }
    },
    {
      "identity" : "swiftprocessmanager",
      "kind" : "remoteSourceControl",
      "location" : "https://github.com/calmdocs/SwiftProcessManager",
      "state" : {
        "branch" : "main",
        "revision" : "b56b6e9b0cfdafa1d472521313cab3d4758384b4"
      }
    },
    {
      "identity" : "swiftwebsocketmanager",
      "kind" : "remoteSourceControl",
      "location" : "https://github.com/calmdocs/SwiftWebSocketManager",
      "state" : {
        "branch" : "main",
        "revision" : "5d27e7860fc009462c271b74d174f5847ae4614a"
      }
    }
  ],
  "version" : 2
}
